
Microsoft Visual Studio Solution File, Format Version 12.00
# Visual Studio 2015
Project("{FAE04EC0-301F-11D3-BF4B-00C04F79EFBC}") = "GDAS Paladin NEW.CSharp", "GDAS Paladin NEW.CSharp.csproj", "{C7D52DB9-782F-A852-4AEC-90F32774C93D}"
EndProject
Project("{FAE04EC0-301F-11D3-BF4B-00C04F79EFBC}") = "GDAS Paladin NEW.CSharp.Editor", "GDAS Paladin NEW.CSharp.Editor.csproj", "{526AC3F6-B5F6-1811-3372-C7F62718552D}"
EndProject
Global
	GlobalSection(SolutionConfigurationPlatforms) = preSolution
		Debug|Any CPU = Debug|Any CPU
		Release|Any CPU = Release|Any CPU
	EndGlobalSection
	GlobalSection(ProjectConfigurationPlatforms) = postSolution
		{C7D52DB9-782F-A852-4AEC-90F32774C93D}.Debug|Any CPU.ActiveCfg = Debug|Any CPU
		{C7D52DB9-782F-A852-4AEC-90F32774C93D}.Debug|Any CPU.Build.0 = Debug|Any CPU
		{C7D52DB9-782F-A852-4AEC-90F32774C93D}.Release|Any CPU.ActiveCfg = Release|Any CPU
		{C7D52DB9-782F-A852-4AEC-90F32774C93D}.Release|Any CPU.Build.0 = Release|Any CPU
		{526AC3F6-B5F6-1811-3372-C7F62718552D}.Debug|Any CPU.ActiveCfg = Debug|Any CPU
		{526AC3F6-B5F6-1811-3372-C7F62718552D}.Debug|Any CPU.Build.0 = Debug|Any CPU
		{526AC3F6-B5F6-1811-3372-C7F62718552D}.Release|Any CPU.ActiveCfg = Release|Any CPU
		{526AC3F6-B5F6-1811-3372-C7F62718552D}.Release|Any CPU.Build.0 = Release|Any CPU
	EndGlobalSection
	GlobalSection(SolutionProperties) = preSolution
		HideSolutionNode = FALSE
	EndGlobalSection
EndGlobal
